
Microsoft Visual Studio Solution File, Format Version 12.00
# Visual Studio 2013
VisualStudioVersion = 12.0.40629.0
MinimumVisualStudioVersion = 10.0.40219.1
Project("{FAE04EC0-301F-11D3-BF4B-00C04F79EFBC}") = "ThoughtworksTrain", "ThoughtworksTrain\ThoughtworksTrain.csproj", "{4B62011B-5473-4AFB-819C-55B321364A8E}"
EndProject
Project("{FAE04EC0-301F-11D3-BF4B-00C04F79EFBC}") = "RouteTraverser", "RouteTraverser\RouteTraverser.csproj", "{D9BB8417-AD6C-4B12-B1F4-D2226FC6BA9D}"
EndProject
Project("{2150E333-8FDC-42A3-9474-1A3956D46DE8}") = "Tests", "Tests", "{50235057-3CFA-45C5-BF21-A3942ADFB9B1}"
EndProject
Project("{FAE04EC0-301F-11D3-BF4B-00C04F79EFBC}") = "RouteTraverser.Tests", "RouteTraverser.Tests\RouteTraverser.Tests.csproj", "{BB388E28-C01D-4BF4-8529-17C3FC989323}"
EndProject
Global
	GlobalSection(SolutionConfigurationPlatforms) = preSolution
		Debug|Any CPU = Debug|Any CPU
		Release|Any CPU = Release|Any CPU
	EndGlobalSection
	GlobalSection(ProjectConfigurationPlatforms) = postSolution
		{4B62011B-5473-4AFB-819C-55B321364A8E}.Debug|Any CPU.ActiveCfg = Debug|Any CPU
		{4B62011B-5473-4AFB-819C-55B321364A8E}.Debug|Any CPU.Build.0 = Debug|Any CPU
		{4B62011B-5473-4AFB-819C-55B321364A8E}.Release|Any CPU.ActiveCfg = Release|Any CPU
		{4B62011B-5473-4AFB-819C-55B321364A8E}.Release|Any CPU.Build.0 = Release|Any CPU
		{D9BB8417-AD6C-4B12-B1F4-D2226FC6BA9D}.Debug|Any CPU.ActiveCfg = Debug|Any CPU
		{D9BB8417-AD6C-4B12-B1F4-D2226FC6BA9D}.Debug|Any CPU.Build.0 = Debug|Any CPU
		{D9BB8417-AD6C-4B12-B1F4-D2226FC6BA9D}.Release|Any CPU.ActiveCfg = Release|Any CPU
		{D9BB8417-AD6C-4B12-B1F4-D2226FC6BA9D}.Release|Any CPU.Build.0 = Release|Any CPU
		{BB388E28-C01D-4BF4-8529-17C3FC989323}.Debug|Any CPU.ActiveCfg = Debug|Any CPU
		{BB388E28-C01D-4BF4-8529-17C3FC989323}.Debug|Any CPU.Build.0 = Debug|Any CPU
		{BB388E28-C01D-4BF4-8529-17C3FC989323}.Release|Any CPU.ActiveCfg = Release|Any CPU
		{BB388E28-C01D-4BF4-8529-17C3FC989323}.Release|Any CPU.Build.0 = Release|Any CPU
	EndGlobalSection
	GlobalSection(SolutionProperties) = preSolution
		HideSolutionNode = FALSE
	EndGlobalSection
	GlobalSection(NestedProjects) = preSolution
		{BB388E28-C01D-4BF4-8529-17C3FC989323} = {50235057-3CFA-45C5-BF21-A3942ADFB9B1}
	EndGlobalSection
EndGlobal
